// !$*UTF8*$!
{
	archiveVersion = 1;
	classes = {
	};
	objectVersion = 55;
	objects = {

/* Begin PBXBuildFile section */
		0FE7107B2740FC53004B3D87 /* AppDelegate.swift in Sources */ = {isa = PBXBuildFile; fileRef = 0FE7107A2740FC53004B3D87 /* AppDelegate.swift */; };
		0FE7107D2740FC53004B3D87 /* SceneDelegate.swift in Sources */ = {isa = PBXBuildFile; fileRef = 0FE7107C2740FC53004B3D87 /* SceneDelegate.swift */; };
		0FE710822740FC53004B3D87 /* Main.storyboard in Resources */ = {isa = PBXBuildFile; fileRef = 0FE710802740FC53004B3D87 /* Main.storyboard */; };
		0FE710842740FC56004B3D87 /* Assets.xcassets in Resources */ = {isa = PBXBuildFile; fileRef = 0FE710832740FC56004B3D87 /* Assets.xcassets */; };
		0FE710872740FC56004B3D87 /* LaunchScreen.storyboard in Resources */ = {isa = PBXBuildFile; fileRef = 0FE710852740FC56004B3D87 /* LaunchScreen.storyboard */; };
		0FE710902740FD8C004B3D87 /* Alamofire in Frameworks */ = {isa = PBXBuildFile; productRef = 0FE7108F2740FD8C004B3D87 /* Alamofire */; };
		0FE710932740FE30004B3D87 /* RealmSwift in Frameworks */ = {isa = PBXBuildFile; productRef = 0FE710922740FE30004B3D87 /* RealmSwift */; };
		0FE7109627410354004B3D87 /* LocalDataManager.swift in Sources */ = {isa = PBXBuildFile; fileRef = 0FE7109527410354004B3D87 /* LocalDataManager.swift */; };
		0FE7109827410375004B3D87 /* RequestDataManager.swift in Sources */ = {isa = PBXBuildFile; fileRef = 0FE7109727410375004B3D87 /* RequestDataManager.swift */; };
		0FE7109D274105D2004B3D87 /* StatusBlock.swift in Sources */ = {isa = PBXBuildFile; fileRef = 0FE7109C274105D2004B3D87 /* StatusBlock.swift */; };
		0FE7109F27410601004B3D87 /* Blockbook.swift in Sources */ = {isa = PBXBuildFile; fileRef = 0FE7109E27410601004B3D87 /* Blockbook.swift */; };
		0FE710A127410610004B3D87 /* Backend.swift in Sources */ = {isa = PBXBuildFile; fileRef = 0FE710A027410610004B3D87 /* Backend.swift */; };
		0FE710A327410E6E004B3D87 /* FakeBlockbook.swift in Sources */ = {isa = PBXBuildFile; fileRef = 0FE710A227410E6E004B3D87 /* FakeBlockbook.swift */; };
		0FE710A527410E7B004B3D87 /* FakeBackend.swift in Sources */ = {isa = PBXBuildFile; fileRef = 0FE710A427410E7B004B3D87 /* FakeBackend.swift */; };
		0FE710A827411109004B3D87 /* StatusTableViewControllers.swift in Sources */ = {isa = PBXBuildFile; fileRef = 0FE710A727411109004B3D87 /* StatusTableViewControllers.swift */; };
		0FE710AB2741138B004B3D87 /* NotificationName.swift in Sources */ = {isa = PBXBuildFile; fileRef = 0FE710AA2741138B004B3D87 /* NotificationName.swift */; };
		0FE710AD2741285A004B3D87 /* BlockTableViewCell.swift in Sources */ = {isa = PBXBuildFile; fileRef = 0FE710AC2741285A004B3D87 /* BlockTableViewCell.swift */; };
		0FE710AF27412FA2004B3D87 /* Account.swift in Sources */ = {isa = PBXBuildFile; fileRef = 0FE710AE27412FA2004B3D87 /* Account.swift */; };
		0FE710B127412FE9004B3D87 /* AddAccountViewController.swift in Sources */ = {isa = PBXBuildFile; fileRef = 0FE710B027412FE9004B3D87 /* AddAccountViewController.swift */; };
		0FE710B327413476004B3D87 /* Storage.swift in Sources */ = {isa = PBXBuildFile; fileRef = 0FE710B227413476004B3D87 /* Storage.swift */; };
/* End PBXBuildFile section */

/* Begin PBXFileReference section */
		0FE710772740FC53004B3D87 /* Exam14Nov.app */ = {isa = PBXFileReference; explicitFileType = wrapper.application; includeInIndex = 0; path = Exam14Nov.app; sourceTree = BUILT_PRODUCTS_DIR; };
		0FE7107A2740FC53004B3D87 /* AppDelegate.swift */ = {isa = PBXFileReference; lastKnownFileType = sourcecode.swift; path = AppDelegate.swift; sourceTree = "<group>"; };
		0FE7107C2740FC53004B3D87 /* SceneDelegate.swift */ = {isa = PBXFileReference; lastKnownFileType = sourcecode.swift; path = SceneDelegate.swift; sourceTree = "<group>"; };
		0FE710812740FC53004B3D87 /* Base */ = {isa = PBXFileReference; lastKnownFileType = file.storyboard; name = Base; path = Base.lproj/Main.storyboard; sourceTree = "<group>"; };
		0FE710832740FC56004B3D87 /* Assets.xcassets */ = {isa = PBXFileReference; lastKnownFileType = folder.assetcatalog; path = Assets.xcassets; sourceTree = "<group>"; };
		0FE710862740FC56004B3D87 /* Base */ = {isa = PBXFileReference; lastKnownFileType = file.storyboard; name = Base; path = Base.lproj/LaunchScreen.storyboard; sourceTree = "<group>"; };
		0FE710882740FC56004B3D87 /* Info.plist */ = {isa = PBXFileReference; lastKnownFileType = text.plist.xml; path = Info.plist; sourceTree = "<group>"; };
		0FE7109527410354004B3D87 /* LocalDataManager.swift */ = {isa = PBXFileReference; lastKnownFileType = sourcecode.swift; path = LocalDataManager.swift; sourceTree = "<group>"; };
		0FE7109727410375004B3D87 /* RequestDataManager.swift */ = {isa = PBXFileReference; lastKnownFileType = sourcecode.swift; path = RequestDataManager.swift; sourceTree = "<group>"; };
		0FE7109C274105D2004B3D87 /* StatusBlock.swift */ = {isa = PBXFileReference; lastKnownFileType = sourcecode.swift; path = StatusBlock.swift; sourceTree = "<group>"; };
		0FE7109E27410601004B3D87 /* Blockbook.swift */ = {isa = PBXFileReference; lastKnownFileType = sourcecode.swift; path = Blockbook.swift; sourceTree = "<group>"; };
		0FE710A027410610004B3D87 /* Backend.swift */ = {isa = PBXFileReference; lastKnownFileType = sourcecode.swift; path = Backend.swift; sourceTree = "<group>"; };
		0FE710A227410E6E004B3D87 /* FakeBlockbook.swift */ = {isa = PBXFileReference; lastKnownFileType = sourcecode.swift; path = FakeBlockbook.swift; sourceTree = "<group>"; };
		0FE710A427410E7B004B3D87 /* FakeBackend.swift */ = {isa = PBXFileReference; lastKnownFileType = sourcecode.swift; path = FakeBackend.swift; sourceTree = "<group>"; };
		0FE710A727411109004B3D87 /* StatusTableViewControllers.swift */ = {isa = PBXFileReference; lastKnownFileType = sourcecode.swift; path = StatusTableViewControllers.swift; sourceTree = "<group>"; };
		0FE710AA2741138B004B3D87 /* NotificationName.swift */ = {isa = PBXFileReference; lastKnownFileType = sourcecode.swift; path = NotificationName.swift; sourceTree = "<group>"; };
		0FE710AC2741285A004B3D87 /* BlockTableViewCell.swift */ = {isa = PBXFileReference; lastKnownFileType = sourcecode.swift; path = BlockTableViewCell.swift; sourceTree = "<group>"; };
		0FE710AE27412FA2004B3D87 /* Account.swift */ = {isa = PBXFileReference; lastKnownFileType = sourcecode.swift; path = Account.swift; sourceTree = "<group>"; };
		0FE710B027412FE9004B3D87 /* AddAccountViewController.swift */ = {isa = PBXFileReference; lastKnownFileType = sourcecode.swift; path = AddAccountViewController.swift; sourceTree = "<group>"; };
		0FE710B227413476004B3D87 /* Storage.swift */ = {isa = PBXFileReference; lastKnownFileType = sourcecode.swift; path = Storage.swift; sourceTree = "<group>"; };
/* End PBXFileReference section */

/* Begin PBXFrameworksBuildPhase section */
		0FE710742740FC53004B3D87 /* Frameworks */ = {
			isa = PBXFrameworksBuildPhase;
			buildActionMask = 2147483647;
			files = (
				0FE710932740FE30004B3D87 /* RealmSwift in Frameworks */,
				0FE710902740FD8C004B3D87 /* Alamofire in Frameworks */,
			);
			runOnlyForDeploymentPostprocessing = 0;
		};
/* End PBXFrameworksBuildPhase section */

/* Begin PBXGroup section */
		0FE7106E2740FC53004B3D87 = {
			isa = PBXGroup;
			children = (
				0FE710792740FC53004B3D87 /* Exam14Nov */,
				0FE710782740FC53004B3D87 /* Products */,
			);
			sourceTree = "<group>";
		};
		0FE710782740FC53004B3D87 /* Products */ = {
			isa = PBXGroup;
			children = (
				0FE710772740FC53004B3D87 /* Exam14Nov.app */,
			);
			name = Products;
			sourceTree = "<group>";
		};
		0FE710792740FC53004B3D87 /* Exam14Nov */ = {
			isa = PBXGroup;
			children = (
				0FE710A92741137A004B3D87 /* Exstensions */,
				0FE710A6274110C1004B3D87 /* Controllers */,
				0FE71099274104A2004B3D87 /* Model */,
				0FE710942741033B004B3D87 /* Managers */,
				0FE7107A2740FC53004B3D87 /* AppDelegate.swift */,
				0FE7107C2740FC53004B3D87 /* SceneDelegate.swift */,
				0FE710802740FC53004B3D87 /* Main.storyboard */,
				0FE710832740FC56004B3D87 /* Assets.xcassets */,
				0FE710852740FC56004B3D87 /* LaunchScreen.storyboard */,
				0FE710882740FC56004B3D87 /* Info.plist */,
			);
			path = Exam14Nov;
			sourceTree = "<group>";
		};
		0FE710942741033B004B3D87 /* Managers */ = {
			isa = PBXGroup;
			children = (
				0FE7109527410354004B3D87 /* LocalDataManager.swift */,
				0FE7109727410375004B3D87 /* RequestDataManager.swift */,
			);
			path = Managers;
			sourceTree = "<group>";
		};
		0FE71099274104A2004B3D87 /* Model */ = {
			isa = PBXGroup;
			children = (
				0FE7109C274105D2004B3D87 /* StatusBlock.swift */,
				0FE7109E27410601004B3D87 /* Blockbook.swift */,
				0FE710A027410610004B3D87 /* Backend.swift */,
				0FE710A227410E6E004B3D87 /* FakeBlockbook.swift */,
				0FE710A427410E7B004B3D87 /* FakeBackend.swift */,
				0FE710AE27412FA2004B3D87 /* Account.swift */,
				0FE710B227413476004B3D87 /* Storage.swift */,
			);
			path = Model;
			sourceTree = "<group>";
		};
		0FE710A6274110C1004B3D87 /* Controllers */ = {
			isa = PBXGroup;
			children = (
				0FE710A727411109004B3D87 /* StatusTableViewControllers.swift */,
				0FE710AC2741285A004B3D87 /* BlockTableViewCell.swift */,
				0FE710B027412FE9004B3D87 /* AddAccountViewController.swift */,
			);
			path = Controllers;
			sourceTree = "<group>";
		};
		0FE710A92741137A004B3D87 /* Exstensions */ = {
			isa = PBXGroup;
			children = (
				0FE710AA2741138B004B3D87 /* NotificationName.swift */,
			);
			path = Exstensions;
			sourceTree = "<group>";
		};
/* End PBXGroup section */

/* Begin PBXNativeTarget section */
		0FE710762740FC53004B3D87 /* Exam14Nov */ = {
			isa = PBXNativeTarget;
			buildConfigurationList = 0FE7108B2740FC56004B3D87 /* Build configuration list for PBXNativeTarget "Exam14Nov" */;
			buildPhases = (
				0FE710732740FC53004B3D87 /* Sources */,
				0FE710742740FC53004B3D87 /* Frameworks */,
				0FE710752740FC53004B3D87 /* Resources */,
			);
			buildRules = (
			);
			dependencies = (
			);
			name = Exam14Nov;
			packageProductDependencies = (
				0FE7108F2740FD8C004B3D87 /* Alamofire */,
				0FE710922740FE30004B3D87 /* RealmSwift */,
			);
			productName = Exam14Nov;
			productReference = 0FE710772740FC53004B3D87 /* Exam14Nov.app */;
			productType = "com.apple.product-type.application";
		};
/* End PBXNativeTarget section */

/* Begin PBXProject section */
		0FE7106F2740FC53004B3D87 /* Project object */ = {
			isa = PBXProject;
			attributes = {
				BuildIndependentTargetsInParallel = 1;
				LastSwiftUpdateCheck = 1310;
				LastUpgradeCheck = 1310;
				TargetAttributes = {
					0FE710762740FC53004B3D87 = {
						CreatedOnToolsVersion = 13.1;
					};
				};
			};
			buildConfigurationList = 0FE710722740FC53004B3D87 /* Build configuration list for PBXProject "Exam14Nov" */;
			compatibilityVersion = "Xcode 13.0";
			developmentRegion = en;
			hasScannedForEncodings = 0;
			knownRegions = (
				en,
				Base,
			);
			mainGroup = 0FE7106E2740FC53004B3D87;
			packageReferences = (
				0FE7108E2740FD8C004B3D87 /* XCRemoteSwiftPackageReference "Alamofire" */,
				0FE710912740FE30004B3D87 /* XCRemoteSwiftPackageReference "realm-cocoa" */,
			);
			productRefGroup = 0FE710782740FC53004B3D87 /* Products */;
			projectDirPath = "";
			projectRoot = "";
			targets = (
				0FE710762740FC53004B3D87 /* Exam14Nov */,
			);
		};
/* End PBXProject section */

/* Begin PBXResourcesBuildPhase section */
		0FE710752740FC53004B3D87 /* Resources */ = {
			isa = PBXResourcesBuildPhase;
			buildActionMask = 2147483647;
			files = (
				0FE710872740FC56004B3D87 /* LaunchScreen.storyboard in Resources */,
				0FE710842740FC56004B3D87 /* Assets.xcassets in Resources */,
				0FE710822740FC53004B3D87 /* Main.storyboard in Resources */,
			);
			runOnlyForDeploymentPostprocessing = 0;
		};
/* End PBXResourcesBuildPhase section */

/* Begin PBXSourcesBuildPhase section */
		0FE710732740FC53004B3D87 /* Sources */ = {
			isa = PBXSourcesBuildPhase;
			buildActionMask = 2147483647;
			files = (
				0FE710A127410610004B3D87 /* Backend.swift in Sources */,
				0FE710AF27412FA2004B3D87 /* Account.swift in Sources */,
				0FE710AB2741138B004B3D87 /* NotificationName.swift in Sources */,
				0FE710A527410E7B004B3D87 /* FakeBackend.swift in Sources */,
				0FE7109627410354004B3D87 /* LocalDataManager.swift in Sources */,
				0FE7107B2740FC53004B3D87 /* AppDelegate.swift in Sources */,
				0FE7109D274105D2004B3D87 /* StatusBlock.swift in Sources */,
				0FE710A827411109004B3D87 /* StatusTableViewControllers.swift in Sources */,
				0FE710B127412FE9004B3D87 /* AddAccountViewController.swift in Sources */,
				0FE710A327410E6E004B3D87 /* FakeBlockbook.swift in Sources */,
				0FE7107D2740FC53004B3D87 /* SceneDelegate.swift in Sources */,
				0FE710AD2741285A004B3D87 /* BlockTableViewCell.swift in Sources */,
				0FE7109827410375004B3D87 /* RequestDataManager.swift in Sources */,
				0FE7109F27410601004B3D87 /* Blockbook.swift in Sources */,
				0FE710B327413476004B3D87 /* Storage.swift in Sources */,
			);
			runOnlyForDeploymentPostprocessing = 0;
		};
/* End PBXSourcesBuildPhase section */

/* Begin PBXVariantGroup section */
		0FE710802740FC53004B3D87 /* Main.storyboard */ = {
			isa = PBXVariantGroup;
			children = (
				0FE710812740FC53004B3D87 /* Base */,
			);
			name = Main.storyboard;
			sourceTree = "<group>";
		};
		0FE710852740FC56004B3D87 /* LaunchScreen.storyboard */ = {
			isa = PBXVariantGroup;
			children = (
				0FE710862740FC56004B3D87 /* Base */,
			);
			name = LaunchScreen.storyboard;
			sourceTree = "<group>";
		};
/* End PBXVariantGroup section */

/* Begin XCBuildConfiguration section */
		0FE710892740FC56004B3D87 /* Debug */ = {
			isa = XCBuildConfiguration;
			buildSettings = {
				ALWAYS_SEARCH_USER_PATHS = NO;
				CLANG_ANALYZER_NONNULL = YES;
				CLANG_ANALYZER_NUMBER_OBJECT_CONVERSION = YES_AGGRESSIVE;
				CLANG_CXX_LANGUAGE_STANDARD = "gnu++17";
				CLANG_CXX_LIBRARY = "libc++";
				CLANG_ENABLE_MODULES = YES;
				CLANG_ENABLE_OBJC_ARC = YES;
				CLANG_ENABLE_OBJC_WEAK = YES;
				CLANG_WARN_BLOCK_CAPTURE_AUTORELEASING = YES;
				CLANG_WARN_BOOL_CONVERSION = YES;
				CLANG_WARN_COMMA = YES;
				CLANG_WARN_CONSTANT_CONVERSION = YES;
				CLANG_WARN_DEPRECATED_OBJC_IMPLEMENTATIONS = YES;
				CLANG_WARN_DIRECT_OBJC_ISA_USAGE = YES_ERROR;
				CLANG_WARN_DOCUMENTATION_COMMENTS = YES;
				CLANG_WARN_EMPTY_BODY = YES;
				CLANG_WARN_ENUM_CONVERSION = YES;
				CLANG_WARN_INFINITE_RECURSION = YES;
				CLANG_WARN_INT_CONVERSION = YES;
				CLANG_WARN_NON_LITERAL_NULL_CONVERSION = YES;
				CLANG_WARN_OBJC_IMPLICIT_RETAIN_SELF = YES;
				CLANG_WARN_OBJC_LITERAL_CONVERSION = YES;
				CLANG_WARN_OBJC_ROOT_CLASS = YES_ERROR;
				CLANG_WARN_QUOTED_INCLUDE_IN_FRAMEWORK_HEADER = YES;
				CLANG_WARN_RANGE_LOOP_ANALYSIS = YES;
				CLANG_WARN_STRICT_PROTOTYPES = YES;
				CLANG_WARN_SUSPICIOUS_MOVE = YES;
				CLANG_WARN_UNGUARDED_AVAILABILITY = YES_AGGRESSIVE;
				CLANG_WARN_UNREACHABLE_CODE = YES;
				CLANG_WARN__DUPLICATE_METHOD_MATCH = YES;
				COPY_PHASE_STRIP = NO;
				DEBUG_INFORMATION_FORMAT = dwarf;
				ENABLE_STRICT_OBJC_MSGSEND = YES;
				ENABLE_TESTABILITY = YES;
				GCC_C_LANGUAGE_STANDARD = gnu11;
				GCC_DYNAMIC_NO_PIC = NO;
				GCC_NO_COMMON_BLOCKS = YES;
				GCC_OPTIMIZATION_LEVEL = 0;
				GCC_PREPROCESSOR_DEFINITIONS = (
					"DEBUG=1",
					"$(inherited)",
				);
				GCC_WARN_64_TO_32_BIT_CONVERSION = YES;
				GCC_WARN_ABOUT_RETURN_TYPE = YES_ERROR;
				GCC_WARN_UNDECLARED_SELECTOR = YES;
				GCC_WARN_UNINITIALIZED_AUTOS = YES_AGGRESSIVE;
				GCC_WARN_UNUSED_FUNCTION = YES;
				GCC_WARN_UNUSED_VARIABLE = YES;
				IPHONEOS_DEPLOYMENT_TARGET = 15.0;
				MTL_ENABLE_DEBUG_INFO = INCLUDE_SOURCE;
				MTL_FAST_MATH = YES;
				ONLY_ACTIVE_ARCH = YES;
				SDKROOT = iphoneos;
				SWIFT_ACTIVE_COMPILATION_CONDITIONS = DEBUG;
				SWIFT_OPTIMIZATION_LEVEL = "-Onone";
			};
			name = Debug;
		};
		0FE7108A2740FC56004B3D87 /* Release */ = {
			isa = XCBuildConfiguration;
			buildSettings = {
				ALWAYS_SEARCH_USER_PATHS = NO;
				CLANG_ANALYZER_NONNULL = YES;
				CLANG_ANALYZER_NUMBER_OBJECT_CONVERSION = YES_AGGRESSIVE;
				CLANG_CXX_LANGUAGE_STANDARD = "gnu++17";
				CLANG_CXX_LIBRARY = "libc++";
				CLANG_ENABLE_MODULES = YES;
				CLANG_ENABLE_OBJC_ARC = YES;
				CLANG_ENABLE_OBJC_WEAK = YES;
				CLANG_WARN_BLOCK_CAPTURE_AUTORELEASING = YES;
				CLANG_WARN_BOOL_CONVERSION = YES;
				CLANG_WARN_COMMA = YES;
				CLANG_WARN_CONSTANT_CONVERSION = YES;
				CLANG_WARN_DEPRECATED_OBJC_IMPLEMENTATIONS = YES;
				CLANG_WARN_DIRECT_OBJC_ISA_USAGE = YES_ERROR;
				CLANG_WARN_DOCUMENTATION_COMMENTS = YES;
				CLANG_WARN_EMPTY_BODY = YES;
				CLANG_WARN_ENUM_CONVERSION = YES;
				CLANG_WARN_INFINITE_RECURSION = YES;
				CLANG_WARN_INT_CONVERSION = YES;
				CLANG_WARN_NON_LITERAL_NULL_CONVERSION = YES;
				CLANG_WARN_OBJC_IMPLICIT_RETAIN_SELF = YES;
				CLANG_WARN_OBJC_LITERAL_CONVERSION = YES;
				CLANG_WARN_OBJC_ROOT_CLASS = YES_ERROR;
				CLANG_WARN_QUOTED_INCLUDE_IN_FRAMEWORK_HEADER = YES;
				CLANG_WARN_RANGE_LOOP_ANALYSIS = YES;
				CLANG_WARN_STRICT_PROTOTYPES = YES;
				CLANG_WARN_SUSPICIOUS_MOVE = YES;
				CLANG_WARN_UNGUARDED_AVAILABILITY = YES_AGGRESSIVE;
				CLANG_WARN_UNREACHABLE_CODE = YES;
				CLANG_WARN__DUPLICATE_METHOD_MATCH = YES;
				COPY_PHASE_STRIP = NO;
				DEBUG_INFORMATION_FORMAT = "dwarf-with-dsym";
				ENABLE_NS_ASSERTIONS = NO;
				ENABLE_STRICT_OBJC_MSGSEND = YES;
				GCC_C_LANGUAGE_STANDARD = gnu11;
				GCC_NO_COMMON_BLOCKS = YES;
				GCC_WARN_64_TO_32_BIT_CONVERSION = YES;
				GCC_WARN_ABOUT_RETURN_TYPE = YES_ERROR;
				GCC_WARN_UNDECLARED_SELECTOR = YES;
				GCC_WARN_UNINITIALIZED_AUTOS = YES_AGGRESSIVE;
				GCC_WARN_UNUSED_FUNCTION = YES;
				GCC_WARN_UNUSED_VARIABLE = YES;
				IPHONEOS_DEPLOYMENT_TARGET = 15.0;
				MTL_ENABLE_DEBUG_INFO = NO;
				MTL_FAST_MATH = YES;
				SDKROOT = iphoneos;
				SWIFT_COMPILATION_MODE = wholemodule;
				SWIFT_OPTIMIZATION_LEVEL = "-O";
				VALIDATE_PRODUCT = YES;
			};
			name = Release;
		};
		0FE7108C2740FC56004B3D87 /* Debug */ = {
			isa = XCBuildConfiguration;
			buildSettings = {
				ASSETCATALOG_COMPILER_APPICON_NAME = AppIcon;
				ASSETCATALOG_COMPILER_GLOBAL_ACCENT_COLOR_NAME = AccentColor;
				CODE_SIGN_STYLE = Automatic;
				CURRENT_PROJECT_VERSION = 1;
				GENERATE_INFOPLIST_FILE = YES;
				INFOPLIST_FILE = Exam14Nov/Info.plist;
				INFOPLIST_KEY_UIApplicationSupportsIndirectInputEvents = YES;
				INFOPLIST_KEY_UILaunchStoryboardName = LaunchScreen;
				INFOPLIST_KEY_UIMainStoryboardFile = Main;
				INFOPLIST_KEY_UISupportedInterfaceOrientations_iPad = "UIInterfaceOrientationPortrait UIInterfaceOrientationPortraitUpsideDown UIInterfaceOrientationLandscapeLeft UIInterfaceOrientationLandscapeRight";
				INFOPLIST_KEY_UISupportedInterfaceOrientations_iPhone = "UIInterfaceOrientationPortrait UIInterfaceOrientationLandscapeLeft UIInterfaceOrientationLandscapeRight";
				LD_RUNPATH_SEARCH_PATHS = (
					"$(inherited)",
					"@executable_path/Frameworks",
				);
				MARKETING_VERSION = 1.0;
				PRODUCT_BUNDLE_IDENTIFIER = kalin.Exam14Nov;
				PRODUCT_NAME = "$(TARGET_NAME)";
				SWIFT_EMIT_LOC_STRINGS = YES;
				SWIFT_VERSION = 5.0;
				TARGETED_DEVICE_FAMILY = "1,2";
			};
			name = Debug;
		};
		0FE7108D2740FC56004B3D87 /* Release */ = {
			isa = XCBuildConfiguration;
			buildSettings = {
				ASSETCATALOG_COMPILER_APPICON_NAME = AppIcon;
				ASSETCATALOG_COMPILER_GLOBAL_ACCENT_COLOR_NAME = AccentColor;
				CODE_SIGN_STYLE = Automatic;
				CURRENT_PROJECT_VERSION = 1;
				GENERATE_INFOPLIST_FILE = YES;
				INFOPLIST_FILE = Exam14Nov/Info.plist;
				INFOPLIST_KEY_UIApplicationSupportsIndirectInputEvents = YES;
				INFOPLIST_KEY_UILaunchStoryboardName = LaunchScreen;
				INFOPLIST_KEY_UIMainStoryboardFile = Main;
				INFOPLIST_KEY_UISupportedInterfaceOrientations_iPad = "UIInterfaceOrientationPortrait UIInterfaceOrientationPortraitUpsideDown UIInterfaceOrientationLandscapeLeft UIInterfaceOrientationLandscapeRight";
				INFOPLIST_KEY_UISupportedInterfaceOrientations_iPhone = "UIInterfaceOrientationPortrait UIInterfaceOrientationLandscapeLeft UIInterfaceOrientationLandscapeRight";
				LD_RUNPATH_SEARCH_PATHS = (
					"$(inherited)",
					"@executable_path/Frameworks",
				);
				MARKETING_VERSION = 1.0;
				PRODUCT_BUNDLE_IDENTIFIER = kalin.Exam14Nov;
				PRODUCT_NAME = "$(TARGET_NAME)";
				SWIFT_EMIT_LOC_STRINGS = YES;
				SWIFT_VERSION = 5.0;
				TARGETED_DEVICE_FAMILY = "1,2";
			};
			name = Release;
		};
/* End XCBuildConfiguration section */

/* Begin XCConfigurationList section */
		0FE710722740FC53004B3D87 /* Build configuration list for PBXProject "Exam14Nov" */ = {
			isa = XCConfigurationList;
			buildConfigurations = (
				0FE710892740FC56004B3D87 /* Debug */,
				0FE7108A2740FC56004B3D87 /* Release */,
			);
			defaultConfigurationIsVisible = 0;
			defaultConfigurationName = Release;
		};
		0FE7108B2740FC56004B3D87 /* Build configuration list for PBXNativeTarget "Exam14Nov" */ = {
			isa = XCConfigurationList;
			buildConfigurations = (
				0FE7108C2740FC56004B3D87 /* Debug */,
				0FE7108D2740FC56004B3D87 /* Release */,
			);
			defaultConfigurationIsVisible = 0;
			defaultConfigurationName = Release;
		};
/* End XCConfigurationList section */

/* Begin XCRemoteSwiftPackageReference section */
		0FE7108E2740FD8C004B3D87 /* XCRemoteSwiftPackageReference "Alamofire" */ = {
			isa = XCRemoteSwiftPackageReference;
			repositoryURL = "https://github.com/Alamofire/Alamofire";
			requirement = {
				branch = master;
				kind = branch;
			};
		};
		0FE710912740FE30004B3D87 /* XCRemoteSwiftPackageReference "realm-cocoa" */ = {
			isa = XCRemoteSwiftPackageReference;
			repositoryURL = "https://github.com/realm/realm-cocoa";
			requirement = {
				branch = master;
				kind = branch;
			};
		};
/* End XCRemoteSwiftPackageReference section */

/* Begin XCSwiftPackageProductDependency section */
		0FE7108F2740FD8C004B3D87 /* Alamofire */ = {
			isa = XCSwiftPackageProductDependency;
			package = 0FE7108E2740FD8C004B3D87 /* XCRemoteSwiftPackageReference "Alamofire" */;
			productName = Alamofire;
		};
		0FE710922740FE30004B3D87 /* RealmSwift */ = {
			isa = XCSwiftPackageProductDependency;
			package = 0FE710912740FE30004B3D87 /* XCRemoteSwiftPackageReference "realm-cocoa" */;
			productName = RealmSwift;
		};
/* End XCSwiftPackageProductDependency section */
	};
	rootObject = 0FE7106F2740FC53004B3D87 /* Project object */;
}
